
Microsoft Visual Studio Solution File, Format Version 12.00
# Visual Studio Version 17
VisualStudioVersion = 17.4.33122.133
MinimumVisualStudioVersion = 10.0.40219.1
Project("{FAE04EC0-301F-11D3-BF4B-00C04F79EFBC}") = "pim", "pim\pim.csproj", "{462BFAD2-4B84-46F8-9EB8-8CC3574E1D75}"
EndProject
Global
	GlobalSection(SolutionConfigurationPlatforms) = preSolution
		Debug|Any CPU = Debug|Any CPU
		Release|Any CPU = Release|Any CPU
	EndGlobalSection
	GlobalSection(ProjectConfigurationPlatforms) = postSolution
		{462BFAD2-4B84-46F8-9EB8-8CC3574E1D75}.Debug|Any CPU.ActiveCfg = Debug|Any CPU
		{462BFAD2-4B84-46F8-9EB8-8CC3574E1D75}.Debug|Any CPU.Build.0 = Debug|Any CPU
		{462BFAD2-4B84-46F8-9EB8-8CC3574E1D75}.Release|Any CPU.ActiveCfg = Release|Any CPU
		{462BFAD2-4B84-46F8-9EB8-8CC3574E1D75}.Release|Any CPU.Build.0 = Release|Any CPU
	EndGlobalSection
	GlobalSection(SolutionProperties) = preSolution
		HideSolutionNode = FALSE
	EndGlobalSection
	GlobalSection(ExtensibilityGlobals) = postSolution
		SolutionGuid = {76CA76FF-408F-4C66-875E-C4F5DDC24042}
	EndGlobalSection
EndGlobal
